// !$*UTF8*$!
{
	archiveVersion = 1;
	classes = {
	};
	objectVersion = 48;
	objects = {

/* Begin PBXBuildFile section */
		FE0920F920A100AC004D1AEE /* OctopuceData.json in Resources */ = {isa = PBXBuildFile; fileRef = FE0920F820A100AC004D1AEE /* OctopuceData.json */; };
		FE6FB2DF20AB2E1E00771CF8 /* ContactTableViewCell.swift in Sources */ = {isa = PBXBuildFile; fileRef = FE6FB2DE20AB2E1E00771CF8 /* ContactTableViewCell.swift */; };
		FE6FB2E320AB2F9000771CF8 /* ContactViewController.swift in Sources */ = {isa = PBXBuildFile; fileRef = FE6FB2E220AB2F9000771CF8 /* ContactViewController.swift */; };
		FE6FB2E520AC7D7C00771CF8 /* RappelViewController.swift in Sources */ = {isa = PBXBuildFile; fileRef = FE6FB2E420AC7D7C00771CF8 /* RappelViewController.swift */; };
		FECFBA552097ABED0063D232 /* AppDelegate.swift in Sources */ = {isa = PBXBuildFile; fileRef = FECFBA542097ABED0063D232 /* AppDelegate.swift */; };
		FECFBA572097ABED0063D232 /* ViewController.swift in Sources */ = {isa = PBXBuildFile; fileRef = FECFBA562097ABED0063D232 /* ViewController.swift */; };
		FECFBA5A2097ABED0063D232 /* Main.storyboard in Resources */ = {isa = PBXBuildFile; fileRef = FECFBA582097ABED0063D232 /* Main.storyboard */; };
		FECFBA5C2097ABEE0063D232 /* Assets.xcassets in Resources */ = {isa = PBXBuildFile; fileRef = FECFBA5B2097ABEE0063D232 /* Assets.xcassets */; };
		FECFBA5F2097ABEE0063D232 /* LaunchScreen.storyboard in Resources */ = {isa = PBXBuildFile; fileRef = FECFBA5D2097ABEE0063D232 /* LaunchScreen.storyboard */; };
		FECFBA6B2098BD5D0063D232 /* AddOrdonanceVC.swift in Sources */ = {isa = PBXBuildFile; fileRef = FECFBA6A2098BD5D0063D232 /* AddOrdonanceVC.swift */; };
		FECFBA6D2098FA700063D232 /* OrdonnanceVC.swift in Sources */ = {isa = PBXBuildFile; fileRef = FECFBA6C2098FA700063D232 /* OrdonnanceVC.swift */; };
		FEDE0BF020A07AAC00F2864B /* Ordonnance.swift in Sources */ = {isa = PBXBuildFile; fileRef = FEDE0BEF20A07AAB00F2864B /* Ordonnance.swift */; };
/* End PBXBuildFile section */

/* Begin PBXFileReference section */
		FE0920F820A100AC004D1AEE /* OctopuceData.json */ = {isa = PBXFileReference; lastKnownFileType = text.json; path = OctopuceData.json; sourceTree = "<group>"; };
		FE6FB2DE20AB2E1E00771CF8 /* ContactTableViewCell.swift */ = {isa = PBXFileReference; lastKnownFileType = sourcecode.swift; path = ContactTableViewCell.swift; sourceTree = "<group>"; };
		FE6FB2E220AB2F9000771CF8 /* ContactViewController.swift */ = {isa = PBXFileReference; lastKnownFileType = sourcecode.swift; path = ContactViewController.swift; sourceTree = "<group>"; };
		FE6FB2E420AC7D7C00771CF8 /* RappelViewController.swift */ = {isa = PBXFileReference; lastKnownFileType = sourcecode.swift; path = RappelViewController.swift; sourceTree = "<group>"; };
		FECFBA512097ABED0063D232 /* Otcopuce.app */ = {isa = PBXFileReference; explicitFileType = wrapper.application; includeInIndex = 0; path = Otcopuce.app; sourceTree = BUILT_PRODUCTS_DIR; };
		FECFBA542097ABED0063D232 /* AppDelegate.swift */ = {isa = PBXFileReference; lastKnownFileType = sourcecode.swift; path = AppDelegate.swift; sourceTree = "<group>"; };
		FECFBA562097ABED0063D232 /* ViewController.swift */ = {isa = PBXFileReference; lastKnownFileType = sourcecode.swift; path = ViewController.swift; sourceTree = "<group>"; };
		FECFBA592097ABED0063D232 /* Base */ = {isa = PBXFileReference; lastKnownFileType = file.storyboard; name = Base; path = Base.lproj/Main.storyboard; sourceTree = "<group>"; };
		FECFBA5B2097ABEE0063D232 /* Assets.xcassets */ = {isa = PBXFileReference; lastKnownFileType = folder.assetcatalog; path = Assets.xcassets; sourceTree = "<group>"; };
		FECFBA5E2097ABEE0063D232 /* Base */ = {isa = PBXFileReference; lastKnownFileType = file.storyboard; name = Base; path = Base.lproj/LaunchScreen.storyboard; sourceTree = "<group>"; };
		FECFBA602097ABEE0063D232 /* Info.plist */ = {isa = PBXFileReference; lastKnownFileType = text.plist.xml; path = Info.plist; sourceTree = "<group>"; };
		FECFBA6A2098BD5D0063D232 /* AddOrdonanceVC.swift */ = {isa = PBXFileReference; lastKnownFileType = sourcecode.swift; path = AddOrdonanceVC.swift; sourceTree = "<group>"; };
		FECFBA6C2098FA700063D232 /* OrdonnanceVC.swift */ = {isa = PBXFileReference; lastKnownFileType = sourcecode.swift; path = OrdonnanceVC.swift; sourceTree = "<group>"; };
		FEDE0BEF20A07AAB00F2864B /* Ordonnance.swift */ = {isa = PBXFileReference; lastKnownFileType = sourcecode.swift; path = Ordonnance.swift; sourceTree = "<group>"; };
/* End PBXFileReference section */

/* Begin PBXFrameworksBuildPhase section */
		FECFBA4E2097ABED0063D232 /* Frameworks */ = {
			isa = PBXFrameworksBuildPhase;
			buildActionMask = 2147483647;
			files = (
			);
			runOnlyForDeploymentPostprocessing = 0;
		};
/* End PBXFrameworksBuildPhase section */

/* Begin PBXGroup section */
		FECFBA482097ABED0063D232 = {
			isa = PBXGroup;
			children = (
				FECFBA532097ABED0063D232 /* Otcopuce */,
				FECFBA522097ABED0063D232 /* Products */,
			);
			sourceTree = "<group>";
		};
		FECFBA522097ABED0063D232 /* Products */ = {
			isa = PBXGroup;
			children = (
				FECFBA512097ABED0063D232 /* Otcopuce.app */,
			);
			name = Products;
			sourceTree = "<group>";
		};
		FECFBA532097ABED0063D232 /* Otcopuce */ = {
			isa = PBXGroup;
			children = (
				FE0920F820A100AC004D1AEE /* OctopuceData.json */,
				FECFBA542097ABED0063D232 /* AppDelegate.swift */,
				FECFBA562097ABED0063D232 /* ViewController.swift */,
				FECFBA582097ABED0063D232 /* Main.storyboard */,
				FECFBA5B2097ABEE0063D232 /* Assets.xcassets */,
				FECFBA5D2097ABEE0063D232 /* LaunchScreen.storyboard */,
				FECFBA602097ABEE0063D232 /* Info.plist */,
				FECFBA6A2098BD5D0063D232 /* AddOrdonanceVC.swift */,
				FECFBA6C2098FA700063D232 /* OrdonnanceVC.swift */,
				FEDE0BEF20A07AAB00F2864B /* Ordonnance.swift */,
				FE6FB2DE20AB2E1E00771CF8 /* ContactTableViewCell.swift */,
				FE6FB2E220AB2F9000771CF8 /* ContactViewController.swift */,
				FE6FB2E420AC7D7C00771CF8 /* RappelViewController.swift */,
			);
			path = Otcopuce;
			sourceTree = "<group>";
		};
/* End PBXGroup section */

/* Begin PBXNativeTarget section */
		FECFBA502097ABED0063D232 /* Otcopuce */ = {
			isa = PBXNativeTarget;
			buildConfigurationList = FECFBA632097ABEE0063D232 /* Build configuration list for PBXNativeTarget "Otcopuce" */;
			buildPhases = (
				FECFBA4D2097ABED0063D232 /* Sources */,
				FECFBA4E2097ABED0063D232 /* Frameworks */,
				FECFBA4F2097ABED0063D232 /* Resources */,
			);
			buildRules = (
			);
			dependencies = (
			);
			name = Otcopuce;
			productName = Otcopuce;
			productReference = FECFBA512097ABED0063D232 /* Otcopuce.app */;
			productType = "com.apple.product-type.application";
		};
/* End PBXNativeTarget section */

/* Begin PBXProject section */
		FECFBA492097ABED0063D232 /* Project object */ = {
			isa = PBXProject;
			attributes = {
				LastSwiftUpdateCheck = 0930;
				LastUpgradeCheck = 0930;
				ORGANIZATIONNAME = "Romain Gary";
				TargetAttributes = {
					FECFBA502097ABED0063D232 = {
						CreatedOnToolsVersion = 9.3;
						ProvisioningStyle = Automatic;
					};
				};
			};
			buildConfigurationList = FECFBA4C2097ABED0063D232 /* Build configuration list for PBXProject "Otcopuce" */;
			compatibilityVersion = "Xcode 8.0";
			developmentRegion = en;
			hasScannedForEncodings = 0;
			knownRegions = (
				en,
				Base,
			);
			mainGroup = FECFBA482097ABED0063D232;
			productRefGroup = FECFBA522097ABED0063D232 /* Products */;
			projectDirPath = "";
			projectRoot = "";
			targets = (
				FECFBA502097ABED0063D232 /* Otcopuce */,
			);
		};
/* End PBXProject section */

/* Begin PBXResourcesBuildPhase section */
		FECFBA4F2097ABED0063D232 /* Resources */ = {
			isa = PBXResourcesBuildPhase;
			buildActionMask = 2147483647;
			files = (
				FECFBA5F2097ABEE0063D232 /* LaunchScreen.storyboard in Resources */,
				FE0920F920A100AC004D1AEE /* OctopuceData.json in Resources */,
				FECFBA5C2097ABEE0063D232 /* Assets.xcassets in Resources */,
				FECFBA5A2097ABED0063D232 /* Main.storyboard in Resources */,
			);
			runOnlyForDeploymentPostprocessing = 0;
		};
/* End PBXResourcesBuildPhase section */

/* Begin PBXSourcesBuildPhase section */
		FECFBA4D2097ABED0063D232 /* Sources */ = {
			isa = PBXSourcesBuildPhase;
			buildActionMask = 2147483647;
			files = (
				FE6FB2E520AC7D7C00771CF8 /* RappelViewController.swift in Sources */,
				FE6FB2DF20AB2E1E00771CF8 /* ContactTableViewCell.swift in Sources */,
				FE6FB2E320AB2F9000771CF8 /* ContactViewController.swift in Sources */,
				FEDE0BF020A07AAC00F2864B /* Ordonnance.swift in Sources */,
				FECFBA572097ABED0063D232 /* ViewController.swift in Sources */,
				FECFBA6D2098FA700063D232 /* OrdonnanceVC.swift in Sources */,
				FECFBA552097ABED0063D232 /* AppDelegate.swift in Sources */,
				FECFBA6B2098BD5D0063D232 /* AddOrdonanceVC.swift in Sources */,
			);
			runOnlyForDeploymentPostprocessing = 0;
		};
/* End PBXSourcesBuildPhase section */

/* Begin PBXVariantGroup section */
		FECFBA582097ABED0063D232 /* Main.storyboard */ = {
			isa = PBXVariantGroup;
			children = (
				FECFBA592097ABED0063D232 /* Base */,
			);
			name = Main.storyboard;
			sourceTree = "<group>";
		};
		FECFBA5D2097ABEE0063D232 /* LaunchScreen.storyboard */ = {
			isa = PBXVariantGroup;
			children = (
				FECFBA5E2097ABEE0063D232 /* Base */,
			);
			name = LaunchScreen.storyboard;
			sourceTree = "<group>";
		};
/* End PBXVariantGroup section */

/* Begin XCBuildConfiguration section */
		FECFBA612097ABEE0063D232 /* Debug */ = {
			isa = XCBuildConfiguration;
			buildSettings = {
				ALWAYS_SEARCH_USER_PATHS = NO;
				CLANG_ANALYZER_NONNULL = YES;
				CLANG_ANALYZER_NUMBER_OBJECT_CONVERSION = YES_AGGRESSIVE;
				CLANG_CXX_LANGUAGE_STANDARD = "gnu++14";
				CLANG_CXX_LIBRARY = "libc++";
				CLANG_ENABLE_MODULES = YES;
				CLANG_ENABLE_OBJC_ARC = YES;
				CLANG_ENABLE_OBJC_WEAK = YES;
				CLANG_WARN_BLOCK_CAPTURE_AUTORELEASING = YES;
				CLANG_WARN_BOOL_CONVERSION = YES;
				CLANG_WARN_COMMA = YES;
				CLANG_WARN_CONSTANT_CONVERSION = YES;
				CLANG_WARN_DEPRECATED_OBJC_IMPLEMENTATIONS = YES;
				CLANG_WARN_DIRECT_OBJC_ISA_USAGE = YES_ERROR;
				CLANG_WARN_DOCUMENTATION_COMMENTS = YES;
				CLANG_WARN_EMPTY_BODY = YES;
				CLANG_WARN_ENUM_CONVERSION = YES;
				CLANG_WARN_INFINITE_RECURSION = YES;
				CLANG_WARN_INT_CONVERSION = YES;
				CLANG_WARN_NON_LITERAL_NULL_CONVERSION = YES;
				CLANG_WARN_OBJC_IMPLICIT_RETAIN_SELF = YES;
				CLANG_WARN_OBJC_LITERAL_CONVERSION = YES;
				CLANG_WARN_OBJC_ROOT_CLASS = YES_ERROR;
				CLANG_WARN_RANGE_LOOP_ANALYSIS = YES;
				CLANG_WARN_STRICT_PROTOTYPES = YES;
				CLANG_WARN_SUSPICIOUS_MOVE = YES;
				CLANG_WARN_UNGUARDED_AVAILABILITY = YES_AGGRESSIVE;
				CLANG_WARN_UNREACHABLE_CODE = YES;
				CLANG_WARN__DUPLICATE_METHOD_MATCH = YES;
				CODE_SIGN_IDENTITY = "iPhone Developer";
				COPY_PHASE_STRIP = NO;
				DEBUG_INFORMATION_FORMAT = dwarf;
				ENABLE_STRICT_OBJC_MSGSEND = YES;
				ENABLE_TESTABILITY = YES;
				GCC_C_LANGUAGE_STANDARD = gnu11;
				GCC_DYNAMIC_NO_PIC = NO;
				GCC_NO_COMMON_BLOCKS = YES;
				GCC_OPTIMIZATION_LEVEL = 0;
				GCC_PREPROCESSOR_DEFINITIONS = (
					"DEBUG=1",
					"$(inherited)",
				);
				GCC_WARN_64_TO_32_BIT_CONVERSION = YES;
				GCC_WARN_ABOUT_RETURN_TYPE = YES_ERROR;
				GCC_WARN_UNDECLARED_SELECTOR = YES;
				GCC_WARN_UNINITIALIZED_AUTOS = YES_AGGRESSIVE;
				GCC_WARN_UNUSED_FUNCTION = YES;
				GCC_WARN_UNUSED_VARIABLE = YES;
				IPHONEOS_DEPLOYMENT_TARGET = 11.3;
				MTL_ENABLE_DEBUG_INFO = YES;
				ONLY_ACTIVE_ARCH = YES;
				SDKROOT = iphoneos;
				SWIFT_ACTIVE_COMPILATION_CONDITIONS = DEBUG;
				SWIFT_OPTIMIZATION_LEVEL = "-Onone";
			};
			name = Debug;
		};
		FECFBA622097ABEE0063D232 /* Release */ = {
			isa = XCBuildConfiguration;
			buildSettings = {
				ALWAYS_SEARCH_USER_PATHS = NO;
				CLANG_ANALYZER_NONNULL = YES;
				CLANG_ANALYZER_NUMBER_OBJECT_CONVERSION = YES_AGGRESSIVE;
				CLANG_CXX_LANGUAGE_STANDARD = "gnu++14";
				CLANG_CXX_LIBRARY = "libc++";
				CLANG_ENABLE_MODULES = YES;
				CLANG_ENABLE_OBJC_ARC = YES;
				CLANG_ENABLE_OBJC_WEAK = YES;
				CLANG_WARN_BLOCK_CAPTURE_AUTORELEASING = YES;
				CLANG_WARN_BOOL_CONVERSION = YES;
				CLANG_WARN_COMMA = YES;
				CLANG_WARN_CONSTANT_CONVERSION = YES;
				CLANG_WARN_DEPRECATED_OBJC_IMPLEMENTATIONS = YES;
				CLANG_WARN_DIRECT_OBJC_ISA_USAGE = YES_ERROR;
				CLANG_WARN_DOCUMENTATION_COMMENTS = YES;
				CLANG_WARN_EMPTY_BODY = YES;
				CLANG_WARN_ENUM_CONVERSION = YES;
				CLANG_WARN_INFINITE_RECURSION = YES;
				CLANG_WARN_INT_CONVERSION = YES;
				CLANG_WARN_NON_LITERAL_NULL_CONVERSION = YES;
				CLANG_WARN_OBJC_IMPLICIT_RETAIN_SELF = YES;
				CLANG_WARN_OBJC_LITERAL_CONVERSION = YES;
				CLANG_WARN_OBJC_ROOT_CLASS = YES_ERROR;
				CLANG_WARN_RANGE_LOOP_ANALYSIS = YES;
				CLANG_WARN_STRICT_PROTOTYPES = YES;
				CLANG_WARN_SUSPICIOUS_MOVE = YES;
				CLANG_WARN_UNGUARDED_AVAILABILITY = YES_AGGRESSIVE;
				CLANG_WARN_UNREACHABLE_CODE = YES;
				CLANG_WARN__DUPLICATE_METHOD_MATCH = YES;
				CODE_SIGN_IDENTITY = "iPhone Developer";
				COPY_PHASE_STRIP = NO;
				DEBUG_INFORMATION_FORMAT = "dwarf-with-dsym";
				ENABLE_NS_ASSERTIONS = NO;
				ENABLE_STRICT_OBJC_MSGSEND = YES;
				GCC_C_LANGUAGE_STANDARD = gnu11;
				GCC_NO_COMMON_BLOCKS = YES;
				GCC_WARN_64_TO_32_BIT_CONVERSION = YES;
				GCC_WARN_ABOUT_RETURN_TYPE = YES_ERROR;
				GCC_WARN_UNDECLARED_SELECTOR = YES;
				GCC_WARN_UNINITIALIZED_AUTOS = YES_AGGRESSIVE;
				GCC_WARN_UNUSED_FUNCTION = YES;
				GCC_WARN_UNUSED_VARIABLE = YES;
				IPHONEOS_DEPLOYMENT_TARGET = 11.3;
				MTL_ENABLE_DEBUG_INFO = NO;
				SDKROOT = iphoneos;
				SWIFT_OPTIMIZATION_LEVEL = "-Owholemodule";
				VALIDATE_PRODUCT = YES;
			};
			name = Release;
		};
		FECFBA642097ABEE0063D232 /* Debug */ = {
			isa = XCBuildConfiguration;
			buildSettings = {
				ASSETCATALOG_COMPILER_APPICON_NAME = AppIcon;
				CODE_SIGN_STYLE = Automatic;
				DEVELOPMENT_TEAM = DJ33A5Y9L7;
				INFOPLIST_FILE = Otcopuce/Info.plist;
				IPHONEOS_DEPLOYMENT_TARGET = 10.0;
				LD_RUNPATH_SEARCH_PATHS = "$(inherited) @executable_path/Frameworks";
				PRODUCT_BUNDLE_IDENTIFIER = dev.Gary.Otcopuce;
				PRODUCT_NAME = "$(TARGET_NAME)";
				SWIFT_VERSION = 4.0;
				TARGETED_DEVICE_FAMILY = "1,2";
			};
			name = Debug;
		};
		FECFBA652097ABEE0063D232 /* Release */ = {
			isa = XCBuildConfiguration;
			buildSettings = {
				ASSETCATALOG_COMPILER_APPICON_NAME = AppIcon;
				CODE_SIGN_STYLE = Automatic;
				DEVELOPMENT_TEAM = DJ33A5Y9L7;
				INFOPLIST_FILE = Otcopuce/Info.plist;
				IPHONEOS_DEPLOYMENT_TARGET = 10.0;
				LD_RUNPATH_SEARCH_PATHS = "$(inherited) @executable_path/Frameworks";
				PRODUCT_BUNDLE_IDENTIFIER = dev.Gary.Otcopuce;
				PRODUCT_NAME = "$(TARGET_NAME)";
				SWIFT_VERSION = 4.0;
				TARGETED_DEVICE_FAMILY = "1,2";
			};
			name = Release;
		};
/* End XCBuildConfiguration section */

/* Begin XCConfigurationList section */
		FECFBA4C2097ABED0063D232 /* Build configuration list for PBXProject "Otcopuce" */ = {
			isa = XCConfigurationList;
			buildConfigurations = (
				FECFBA612097ABEE0063D232 /* Debug */,
				FECFBA622097ABEE0063D232 /* Release */,
			);
			defaultConfigurationIsVisible = 0;
			defaultConfigurationName = Release;
		};
		FECFBA632097ABEE0063D232 /* Build configuration list for PBXNativeTarget "Otcopuce" */ = {
			isa = XCConfigurationList;
			buildConfigurations = (
				FECFBA642097ABEE0063D232 /* Debug */,
				FECFBA652097ABEE0063D232 /* Release */,
			);
			defaultConfigurationIsVisible = 0;
			defaultConfigurationName = Release;
		};
/* End XCConfigurationList section */
	};
	rootObject = FECFBA492097ABED0063D232 /* Project object */;
}
